
Microsoft Visual Studio Solution File, Format Version 12.00
# Visual Studio 2013
VisualStudioVersion = 12.0.40629.0
MinimumVisualStudioVersion = 10.0.40219.1
Project("{8BC9CEB8-8B4A-11D0-8D11-00A0C91BC942}") = "CSE287Lab1", "CSE287Lab1\CSE287Lab1.vcxproj", "{EB84AB40-399B-4B68-8562-5D79D6376692}"
EndProject
Global
	GlobalSection(SolutionConfigurationPlatforms) = preSolution
		Debug|Win32 = Debug|Win32
		Release|Win32 = Release|Win32
	EndGlobalSection
	GlobalSection(ProjectConfigurationPlatforms) = postSolution
		{EB84AB40-399B-4B68-8562-5D79D6376692}.Debug|Win32.ActiveCfg = Debug|Win32
		{EB84AB40-399B-4B68-8562-5D79D6376692}.Debug|Win32.Build.0 = Debug|Win32
		{EB84AB40-399B-4B68-8562-5D79D6376692}.Release|Win32.ActiveCfg = Release|Win32
		{EB84AB40-399B-4B68-8562-5D79D6376692}.Release|Win32.Build.0 = Release|Win32
	EndGlobalSection
	GlobalSection(SolutionProperties) = preSolution
		HideSolutionNode = FALSE
	EndGlobalSection
EndGlobal
